<?xml version="1.0" encoding="utf-8"?>
<Project ToolsVersion="4.0" xmlns="http://schemas.microsoft.com/developer/msbuild/2003">
  <ItemGroup>
    <Filter Include="Source Files">
      <UniqueIdentifier>{4FC737F1-C7A5-4376-A066-2A32D752A2FF}</UniqueIdentifier>
      <Extensions>cpp;c;cc;cxx;c++;cppm;ixx;def;odl;idl;hpj;bat;asm;asmx</Extensions>
    </Filter>
    <Filter Include="Header Files">
      <UniqueIdentifier>{93995380-89BD-4b04-88EB-625FBE52EBFB}</UniqueIdentifier>
      <Extensions>h;hh;hpp;hxx;h++;hm;inl;inc;ipp;xsd</Extensions>
    </Filter>
    <Filter Include="Resource Files">
      <UniqueIdentifier>{67DA6AB6-F800-4c08-8B7A-83BB121AAD01}</UniqueIdentifier>
      <Extensions>rc;ico;cur;bmp;dlg;rc2;rct;bin;rgs;gif;jpg;jpeg;jpe;resx;tiff;tif;png;wav;mfcribbon-ms</Extensions>
    </Filter>
    <Filter Include="Shaders">
      <UniqueIdentifier>{064fe743-6101-4d79-8220-ad337307dfc3}</UniqueIdentifier>
    </Filter>
    <Filter Include="Extra Dependencies">
      <UniqueIdentifier>{e4e5d384-f50d-44d5-85b8-e8bb29cad45d}</UniqueIdentifier>
    </Filter>
    <Filter Include="Currently Unused">
      <UniqueIdentifier>{bcc5fcc5-8b99-4432-8eeb-ff812d1fed47}</UniqueIdentifier>
    </Filter>
    <Filter Include="Collision Detection">
      <UniqueIdentifier>{ea1e83c0-377c-4c20-a8b4-9e8c6a8c6c27}</UniqueIdentifier>
    </Filter>
    <Filter Include="Math">
      <UniqueIdentifier>{ea22ef0e-901b-4578-9d9f-73aca003b62c}</UniqueIdentifier>
    </Filter>
    <Filter Include="New Added Stuff">
      <UniqueIdentifier>{08f00ee3-e045-4756-89c4-0827da259a93}</UniqueIdentifier>
    </Filter>
  </ItemGroup>
  <ItemGroup>
    <ClCompile Include="main.cpp">
      <Filter>Source Files</Filter>
    </ClCompile>
    <ClCompile Include="Camera.cpp">
      <Filter>Source Files</Filter>
    </ClCompile>
    <ClCompile Include="Model.cpp">
      <Filter>Source Files</Filter>
    </ClCompile>
    <ClCompile Include="Particle.cpp">
      <Filter>Source Files</Filter>
    </ClCompile>
    <ClCompile Include="ParticleManager.cpp">
      <Filter>Source Files</Filter>
    </ClCompile>
    <ClCompile Include="PhysicsEquations.cpp">
      <Filter>Source Files</Filter>
    </ClCompile>
    <ClCompile Include="Shader.cpp">
      <Filter>Source Files</Filter>
    </ClCompile>
    <ClCompile Include="Simulation.cpp">
      <Filter>Source Files</Filter>
    </ClCompile>
    <ClCompile Include="glad.c">
      <Filter>Extra Dependencies</Filter>
    </ClCompile>
    <ClCompile Include="TextRenderer.cpp">
      <Filter>Source Files</Filter>
    </ClCompile>
    <ClCompile Include="EPA.cpp">
      <Filter>Collision Detection</Filter>
    </ClCompile>
    <ClCompile Include="GJK.cpp">
      <Filter>Collision Detection</Filter>
    </ClCompile>
    <ClCompile Include="openGJK.c">
      <Filter>Collision Detection</Filter>
    </ClCompile>
    <ClCompile Include="MathFunctions.cpp">
      <Filter>Math</Filter>
    </ClCompile>
    <ClCompile Include="Mesh.cpp">
      <Filter>Source Files</Filter>
    </ClCompile>
    <ClCompile Include="CollidableObjectBVHStuff.hpp">
      <Filter>Currently Unused</Filter>
    </ClCompile>
  </ItemGroup>
  <ItemGroup>
    <ClInclude Include="Camera.hpp">
      <Filter>Header Files</Filter>
    </ClInclude>
    <ClInclude Include="Model.hpp">
      <Filter>Header Files</Filter>
    </ClInclude>
    <ClInclude Include="Particle.hpp">
      <Filter>Header Files</Filter>
    </ClInclude>
    <ClInclude Include="ParticleManager.hpp">
      <Filter>Header Files</Filter>
    </ClInclude>
    <ClInclude Include="PhysicsEquations.hpp">
      <Filter>Header Files</Filter>
    </ClInclude>
    <ClInclude Include="Shader.hpp">
      <Filter>Header Files</Filter>
    </ClInclude>
    <ClInclude Include="Simulation.hpp">
      <Filter>Header Files</Filter>
    </ClInclude>
    <ClInclude Include="PhysicsTests.hpp">
      <Filter>Currently Unused</Filter>
    </ClInclude>
    <ClInclude Include="TextRenderer.hpp">
      <Filter>Header Files</Filter>
    </ClInclude>
    <ClInclude Include="Polygon.hpp">
      <Filter>Header Files</Filter>
    </ClInclude>
    <ClInclude Include="EPA.hpp">
      <Filter>Collision Detection</Filter>
    </ClInclude>
    <ClInclude Include="GJK.hpp">
      <Filter>Collision Detection</Filter>
    </ClInclude>
    <ClInclude Include="AABB.hpp">
      <Filter>Collision Detection</Filter>
    </ClInclude>
    <ClInclude Include="VectorSpace.hpp">
      <Filter>Math</Filter>
    </ClInclude>
    <ClInclude Include="MathFunctions.hpp">
      <Filter>Math</Filter>
    </ClInclude>
    <ClInclude Include="Constants.hpp">
      <Filter>Math</Filter>
    </ClInclude>
    <ClInclude Include="openGJK.h">
      <Filter>Collision Detection</Filter>
    </ClInclude>
    <ClInclude Include="testaaaa.hpp">
      <Filter>Collision Detection</Filter>
    </ClInclude>
    <ClInclude Include="Projection.hpp">
      <Filter>Collision Detection</Filter>
    </ClInclude>
    <ClInclude Include="MinHeap.hpp">
      <Filter>Collision Detection</Filter>
    </ClInclude>
    <ClInclude Include="GeometryShader.h">
      <Filter>Shaders</Filter>
    </ClInclude>
    <ClInclude Include="GJK_SIGNED_VOLUMES.h">
      <Filter>Collision Detection</Filter>
    </ClInclude>
    <ClInclude Include="PhysicsObject.hpp">
      <Filter>New Added Stuff</Filter>
    </ClInclude>
    <ClInclude Include="Ellipsoid.hpp">
      <Filter>Header Files</Filter>
    </ClInclude>
    <ClInclude Include="CollidableObject.hpp">
      <Filter>Header Files</Filter>
    </ClInclude>
    <ClInclude Include="Shapes.hpp">
      <Filter>Header Files</Filter>
    </ClInclude>
    <ClInclude Include="Mesh.hpp">
      <Filter>Header Files</Filter>
    </ClInclude>
    <ClInclude Include="CollisionEvent.hpp">
      <Filter>Header Files</Filter>
    </ClInclude>
    <ClInclude Include="CollidableObjectRenderer.hpp">
      <Filter>Header Files</Filter>
    </ClInclude>
  </ItemGroup>
  <ItemGroup>
    <None Include="fragment_shader.fs">
      <Filter>Shaders</Filter>
    </None>
    <None Include="vertex_shader.vs">
      <Filter>Shaders</Filter>
    </None>
    <None Include="text.vs">
      <Filter>Shaders</Filter>
    </None>
    <None Include="text.fs">
      <Filter>Shaders</Filter>
    </None>
    <None Include="packages.config" />
    <None Include="geometry_shader.gs">
      <Filter>Shaders</Filter>
    </None>
    <None Include="geometry_shader.fs">
      <Filter>Shaders</Filter>
    </None>
    <None Include="geometry_shader.vs">
      <Filter>Shaders</Filter>
    </None>
  </ItemGroup>
</Project>