<?xml version="1.0" encoding="utf-8"?>
<Project ToolsVersion="4.0" xmlns="http://schemas.microsoft.com/developer/msbuild/2003">
  <ItemGroup>
    <Filter Include="Source Files">
      <UniqueIdentifier>{4FC737F1-C7A5-4376-A066-2A32D752A2FF}</UniqueIdentifier>
      <Extensions>cpp;c;cc;cxx;c++;cppm;ixx;def;odl;idl;hpj;bat;asm;asmx</Extensions>
    </Filter>
    <Filter Include="Header Files">
      <UniqueIdentifier>{93995380-89BD-4b04-88EB-625FBE52EBFB}</UniqueIdentifier>
      <Extensions>h;hh;hpp;hxx;h++;hm;inl;inc;ipp;xsd</Extensions>
    </Filter>
    <Filter Include="Resource Files">
      <UniqueIdentifier>{67DA6AB6-F800-4c08-8B7A-83BB121AAD01}</UniqueIdentifier>
      <Extensions>rc;ico;cur;bmp;dlg;rc2;rct;bin;rgs;gif;jpg;jpeg;jpe;resx;tiff;tif;png;wav;mfcribbon-ms</Extensions>
    </Filter>
    <Filter Include="Shaders">
      <UniqueIdentifier>{064fe743-6101-4d79-8220-ad337307dfc3}</UniqueIdentifier>
    </Filter>
    <Filter Include="Extra Dependencies">
      <UniqueIdentifier>{e4e5d384-f50d-44d5-85b8-e8bb29cad45d}</UniqueIdentifier>
    </Filter>
    <Filter Include="Currently Unused">
      <UniqueIdentifier>{bcc5fcc5-8b99-4432-8eeb-ff812d1fed47}</UniqueIdentifier>
    </Filter>
  </ItemGroup>
  <ItemGroup>
    <ClCompile Include="main.cpp">
      <Filter>Source Files</Filter>
    </ClCompile>
    <ClCompile Include="Camera.cpp">
      <Filter>Source Files</Filter>
    </ClCompile>
    <ClCompile Include="Model.cpp">
      <Filter>Source Files</Filter>
    </ClCompile>
    <ClCompile Include="Particle.cpp">
      <Filter>Source Files</Filter>
    </ClCompile>
    <ClCompile Include="ParticleManager.cpp">
      <Filter>Source Files</Filter>
    </ClCompile>
    <ClCompile Include="PhysicsEquations.cpp">
      <Filter>Source Files</Filter>
    </ClCompile>
    <ClCompile Include="Shader.cpp">
      <Filter>Source Files</Filter>
    </ClCompile>
    <ClCompile Include="Simulation.cpp">
      <Filter>Source Files</Filter>
    </ClCompile>
    <ClCompile Include="glad.c">
      <Filter>Extra Dependencies</Filter>
    </ClCompile>
    <ClCompile Include="ThreadPool.cpp">
      <Filter>Currently Unused</Filter>
    </ClCompile>
    <ClCompile Include="TextRenderer.cpp">
      <Filter>Source Files</Filter>
    </ClCompile>
  </ItemGroup>
  <ItemGroup>
    <ClInclude Include="Camera.hpp">
      <Filter>Header Files</Filter>
    </ClInclude>
    <ClInclude Include="Constants.hpp">
      <Filter>Header Files</Filter>
    </ClInclude>
    <ClInclude Include="Model.hpp">
      <Filter>Header Files</Filter>
    </ClInclude>
    <ClInclude Include="Particle.hpp">
      <Filter>Header Files</Filter>
    </ClInclude>
    <ClInclude Include="ParticleManager.hpp">
      <Filter>Header Files</Filter>
    </ClInclude>
    <ClInclude Include="PhysicsEquations.hpp">
      <Filter>Header Files</Filter>
    </ClInclude>
    <ClInclude Include="Shader.hpp">
      <Filter>Header Files</Filter>
    </ClInclude>
    <ClInclude Include="Simulation.hpp">
      <Filter>Header Files</Filter>
    </ClInclude>
    <ClInclude Include="ThreadPool.hpp">
      <Filter>Currently Unused</Filter>
    </ClInclude>
    <ClInclude Include="PhysicsTests.hpp">
      <Filter>Currently Unused</Filter>
    </ClInclude>
    <ClInclude Include="TextRenderer.hpp">
      <Filter>Header Files</Filter>
    </ClInclude>
  </ItemGroup>
  <ItemGroup>
    <None Include="fragment_shader.fs">
      <Filter>Shaders</Filter>
    </None>
    <None Include="vertex_shader.vs">
      <Filter>Shaders</Filter>
    </None>
    <None Include="text.vs">
      <Filter>Shaders</Filter>
    </None>
    <None Include="text.fs">
      <Filter>Shaders</Filter>
    </None>
  </ItemGroup>
</Project>